// !$*UTF8*$!
{
	archiveVersion = 1;
	classes = {
	};
	objectVersion = 50;
	objects = {

/* Begin PBXBuildFile section */
		3EDD505271F0BB576A4F87D3 /* Pods_Notes.framework in Frameworks */ = {isa = PBXBuildFile; fileRef = F4F8530A3F4EA0566C03A6F8 /* Pods_Notes.framework */; };
		D9503B8D2296497500962828 /* AppDelegate.swift in Sources */ = {isa = PBXBuildFile; fileRef = D9503B8C2296497500962828 /* AppDelegate.swift */; };
		D9503B8F2296497500962828 /* ViewController.swift in Sources */ = {isa = PBXBuildFile; fileRef = D9503B8E2296497500962828 /* ViewController.swift */; };
		D9503B922296497500962828 /* Main.storyboard in Resources */ = {isa = PBXBuildFile; fileRef = D9503B902296497500962828 /* Main.storyboard */; };
		D9503B942296497600962828 /* Assets.xcassets in Resources */ = {isa = PBXBuildFile; fileRef = D9503B932296497600962828 /* Assets.xcassets */; };
		D9503B972296497600962828 /* LaunchScreen.storyboard in Resources */ = {isa = PBXBuildFile; fileRef = D9503B952296497600962828 /* LaunchScreen.storyboard */; };
		D9503B9F22965F9200962828 /* RealmService.swift in Sources */ = {isa = PBXBuildFile; fileRef = D9503B9E22965F9200962828 /* RealmService.swift */; };
		D9503BA122965FEF00962828 /* Note.swift in Sources */ = {isa = PBXBuildFile; fileRef = D9503BA022965FEF00962828 /* Note.swift */; };
		D9503BA32296604400962828 /* DetailViewController.swift in Sources */ = {isa = PBXBuildFile; fileRef = D9503BA22296604300962828 /* DetailViewController.swift */; };
		D9503BA52296609800962828 /* TableViewCell.swift in Sources */ = {isa = PBXBuildFile; fileRef = D9503BA42296609800962828 /* TableViewCell.swift */; };
		D99C104722A12D2600402E10 /* ViewState.swift in Sources */ = {isa = PBXBuildFile; fileRef = D99C104622A12D2600402E10 /* ViewState.swift */; };
		D99C104922A12D3000402E10 /* EditState.swift in Sources */ = {isa = PBXBuildFile; fileRef = D99C104822A12D3000402E10 /* EditState.swift */; };
		D99C104B22A12D3C00402E10 /* AddState.swift in Sources */ = {isa = PBXBuildFile; fileRef = D99C104A22A12D3C00402E10 /* AddState.swift */; };
/* End PBXBuildFile section */

/* Begin PBXFileReference section */
		3265821E3D0FECA635BEF3A2 /* Pods-Notes.release.xcconfig */ = {isa = PBXFileReference; includeInIndex = 1; lastKnownFileType = text.xcconfig; name = "Pods-Notes.release.xcconfig"; path = "Pods/Target Support Files/Pods-Notes/Pods-Notes.release.xcconfig"; sourceTree = "<group>"; };
		47AA1E4D8E3D19457B1166B1 /* Pods-Notes.debug.xcconfig */ = {isa = PBXFileReference; includeInIndex = 1; lastKnownFileType = text.xcconfig; name = "Pods-Notes.debug.xcconfig"; path = "Pods/Target Support Files/Pods-Notes/Pods-Notes.debug.xcconfig"; sourceTree = "<group>"; };
		D9503B892296497500962828 /* Notes.app */ = {isa = PBXFileReference; explicitFileType = wrapper.application; includeInIndex = 0; path = Notes.app; sourceTree = BUILT_PRODUCTS_DIR; };
		D9503B8C2296497500962828 /* AppDelegate.swift */ = {isa = PBXFileReference; lastKnownFileType = sourcecode.swift; path = AppDelegate.swift; sourceTree = "<group>"; };
		D9503B8E2296497500962828 /* ViewController.swift */ = {isa = PBXFileReference; lastKnownFileType = sourcecode.swift; path = ViewController.swift; sourceTree = "<group>"; };
		D9503B912296497500962828 /* Base */ = {isa = PBXFileReference; lastKnownFileType = file.storyboard; name = Base; path = Base.lproj/Main.storyboard; sourceTree = "<group>"; };
		D9503B932296497600962828 /* Assets.xcassets */ = {isa = PBXFileReference; lastKnownFileType = folder.assetcatalog; path = Assets.xcassets; sourceTree = "<group>"; };
		D9503B962296497600962828 /* Base */ = {isa = PBXFileReference; lastKnownFileType = file.storyboard; name = Base; path = Base.lproj/LaunchScreen.storyboard; sourceTree = "<group>"; };
		D9503B982296497600962828 /* Info.plist */ = {isa = PBXFileReference; lastKnownFileType = text.plist.xml; path = Info.plist; sourceTree = "<group>"; };
		D9503B9E22965F9200962828 /* RealmService.swift */ = {isa = PBXFileReference; lastKnownFileType = sourcecode.swift; path = RealmService.swift; sourceTree = "<group>"; };
		D9503BA022965FEF00962828 /* Note.swift */ = {isa = PBXFileReference; lastKnownFileType = sourcecode.swift; path = Note.swift; sourceTree = "<group>"; };
		D9503BA22296604300962828 /* DetailViewController.swift */ = {isa = PBXFileReference; lastKnownFileType = sourcecode.swift; path = DetailViewController.swift; sourceTree = "<group>"; };
		D9503BA42296609800962828 /* TableViewCell.swift */ = {isa = PBXFileReference; lastKnownFileType = sourcecode.swift; path = TableViewCell.swift; sourceTree = "<group>"; };
		D99C104622A12D2600402E10 /* ViewState.swift */ = {isa = PBXFileReference; lastKnownFileType = sourcecode.swift; path = ViewState.swift; sourceTree = "<group>"; };
		D99C104822A12D3000402E10 /* EditState.swift */ = {isa = PBXFileReference; lastKnownFileType = sourcecode.swift; path = EditState.swift; sourceTree = "<group>"; };
		D99C104A22A12D3C00402E10 /* AddState.swift */ = {isa = PBXFileReference; lastKnownFileType = sourcecode.swift; path = AddState.swift; sourceTree = "<group>"; };
		F4F8530A3F4EA0566C03A6F8 /* Pods_Notes.framework */ = {isa = PBXFileReference; explicitFileType = wrapper.framework; includeInIndex = 0; path = Pods_Notes.framework; sourceTree = BUILT_PRODUCTS_DIR; };
/* End PBXFileReference section */

/* Begin PBXFrameworksBuildPhase section */
		D9503B862296497500962828 /* Frameworks */ = {
			isa = PBXFrameworksBuildPhase;
			buildActionMask = 2147483647;
			files = (
				3EDD505271F0BB576A4F87D3 /* Pods_Notes.framework in Frameworks */,
			);
			runOnlyForDeploymentPostprocessing = 0;
		};
/* End PBXFrameworksBuildPhase section */

/* Begin PBXGroup section */
		D9503B802296497500962828 = {
			isa = PBXGroup;
			children = (
				D9503B8B2296497500962828 /* Notes */,
				D9503B8A2296497500962828 /* Products */,
				F15C5194ECE7797E06AF3F5B /* Pods */,
				F5B8F0E4DF99F67534123FF3 /* Frameworks */,
			);
			sourceTree = "<group>";
		};
		D9503B8A2296497500962828 /* Products */ = {
			isa = PBXGroup;
			children = (
				D9503B892296497500962828 /* Notes.app */,
			);
			name = Products;
			sourceTree = "<group>";
		};
		D9503B8B2296497500962828 /* Notes */ = {
			isa = PBXGroup;
			children = (
				D9503B8C2296497500962828 /* AppDelegate.swift */,
				D9503BA62296CD9200962828 /* Model */,
				D9503BA82296CE1C00962828 /* View Controller */,
				D9503BA92296CE3C00962828 /* View */,
				D9503BAA2296CE4F00962828 /* Relam Helper */,
				D9503BAB2296CE7500962828 /* Storyboard */,
				D9503B932296497600962828 /* Assets.xcassets */,
				D9503B982296497600962828 /* Info.plist */,
			);
			path = Notes;
			sourceTree = "<group>";
		};
		D9503BA62296CD9200962828 /* Model */ = {
			isa = PBXGroup;
			children = (
				D9503BA022965FEF00962828 /* Note.swift */,
			);
			name = Model;
			sourceTree = "<group>";
		};
		D9503BA82296CE1C00962828 /* View Controller */ = {
			isa = PBXGroup;
			children = (
				D9503B8E2296497500962828 /* ViewController.swift */,
				D99C104D22A13F1F00402E10 /* DetailViewController */,
			);
			name = "View Controller";
			sourceTree = "<group>";
		};
		D9503BA92296CE3C00962828 /* View */ = {
			isa = PBXGroup;
			children = (
				D9503BA42296609800962828 /* TableViewCell.swift */,
			);
			name = View;
			sourceTree = "<group>";
		};
		D9503BAA2296CE4F00962828 /* Relam Helper */ = {
			isa = PBXGroup;
			children = (
				D9503B9E22965F9200962828 /* RealmService.swift */,
			);
			name = "Relam Helper";
			sourceTree = "<group>";
		};
		D9503BAB2296CE7500962828 /* Storyboard */ = {
			isa = PBXGroup;
			children = (
				D9503B902296497500962828 /* Main.storyboard */,
				D9503B952296497600962828 /* LaunchScreen.storyboard */,
			);
			name = Storyboard;
			sourceTree = "<group>";
		};
		D99C104C22A13E7200402E10 /* State */ = {
			isa = PBXGroup;
			children = (
				D99C104622A12D2600402E10 /* ViewState.swift */,
				D99C104822A12D3000402E10 /* EditState.swift */,
				D99C104A22A12D3C00402E10 /* AddState.swift */,
			);
			name = State;
			sourceTree = "<group>";
		};
		D99C104D22A13F1F00402E10 /* DetailViewController */ = {
			isa = PBXGroup;
			children = (
				D9503BA22296604300962828 /* DetailViewController.swift */,
				D99C104C22A13E7200402E10 /* State */,
			);
			name = DetailViewController;
			sourceTree = "<group>";
		};
		F15C5194ECE7797E06AF3F5B /* Pods */ = {
			isa = PBXGroup;
			children = (
				47AA1E4D8E3D19457B1166B1 /* Pods-Notes.debug.xcconfig */,
				3265821E3D0FECA635BEF3A2 /* Pods-Notes.release.xcconfig */,
			);
			name = Pods;
			sourceTree = "<group>";
		};
		F5B8F0E4DF99F67534123FF3 /* Frameworks */ = {
			isa = PBXGroup;
			children = (
				F4F8530A3F4EA0566C03A6F8 /* Pods_Notes.framework */,
			);
			name = Frameworks;
			sourceTree = "<group>";
		};
/* End PBXGroup section */

/* Begin PBXNativeTarget section */
		D9503B882296497500962828 /* Notes */ = {
			isa = PBXNativeTarget;
			buildConfigurationList = D9503B9B2296497600962828 /* Build configuration list for PBXNativeTarget "Notes" */;
			buildPhases = (
				AFEFD39BBD3294EFD0651FD1 /* [CP] Check Pods Manifest.lock */,
				D9503B852296497500962828 /* Sources */,
				D9503B862296497500962828 /* Frameworks */,
				D9503B872296497500962828 /* Resources */,
				36F5463999A9D5C934F09D14 /* [CP] Embed Pods Frameworks */,
			);
			buildRules = (
			);
			dependencies = (
			);
			name = Notes;
			productName = Notes;
			productReference = D9503B892296497500962828 /* Notes.app */;
			productType = "com.apple.product-type.application";
		};
/* End PBXNativeTarget section */

/* Begin PBXProject section */
		D9503B812296497500962828 /* Project object */ = {
			isa = PBXProject;
			attributes = {
				LastSwiftUpdateCheck = 1020;
				LastUpgradeCheck = 1020;
				ORGANIZATIONNAME = Alexandr;
				TargetAttributes = {
					D9503B882296497500962828 = {
						CreatedOnToolsVersion = 10.2.1;
					};
				};
			};
			buildConfigurationList = D9503B842296497500962828 /* Build configuration list for PBXProject "Notes" */;
			compatibilityVersion = "Xcode 9.3";
			developmentRegion = en;
			hasScannedForEncodings = 0;
			knownRegions = (
				en,
				Base,
			);
			mainGroup = D9503B802296497500962828;
			productRefGroup = D9503B8A2296497500962828 /* Products */;
			projectDirPath = "";
			projectRoot = "";
			targets = (
				D9503B882296497500962828 /* Notes */,
			);
		};
/* End PBXProject section */

/* Begin PBXResourcesBuildPhase section */
		D9503B872296497500962828 /* Resources */ = {
			isa = PBXResourcesBuildPhase;
			buildActionMask = 2147483647;
			files = (
				D9503B972296497600962828 /* LaunchScreen.storyboard in Resources */,
				D9503B942296497600962828 /* Assets.xcassets in Resources */,
				D9503B922296497500962828 /* Main.storyboard in Resources */,
			);
			runOnlyForDeploymentPostprocessing = 0;
		};
/* End PBXResourcesBuildPhase section */

/* Begin PBXShellScriptBuildPhase section */
		36F5463999A9D5C934F09D14 /* [CP] Embed Pods Frameworks */ = {
			isa = PBXShellScriptBuildPhase;
			buildActionMask = 2147483647;
			files = (
			);
			inputFileListPaths = (
			);
			inputPaths = (
				"${SRCROOT}/Pods/Target Support Files/Pods-Notes/Pods-Notes-frameworks.sh",
				"${BUILT_PRODUCTS_DIR}/Realm/Realm.framework",
				"${BUILT_PRODUCTS_DIR}/RealmSwift/RealmSwift.framework",
			);
			name = "[CP] Embed Pods Frameworks";
			outputFileListPaths = (
			);
			outputPaths = (
				"${TARGET_BUILD_DIR}/${FRAMEWORKS_FOLDER_PATH}/Realm.framework",
				"${TARGET_BUILD_DIR}/${FRAMEWORKS_FOLDER_PATH}/RealmSwift.framework",
			);
			runOnlyForDeploymentPostprocessing = 0;
			shellPath = /bin/sh;
			shellScript = "\"${SRCROOT}/Pods/Target Support Files/Pods-Notes/Pods-Notes-frameworks.sh\"\n";
			showEnvVarsInLog = 0;
		};
		AFEFD39BBD3294EFD0651FD1 /* [CP] Check Pods Manifest.lock */ = {
			isa = PBXShellScriptBuildPhase;
			buildActionMask = 2147483647;
			files = (
			);
			inputFileListPaths = (
			);
			inputPaths = (
				"${PODS_PODFILE_DIR_PATH}/Podfile.lock",
				"${PODS_ROOT}/Manifest.lock",
			);
			name = "[CP] Check Pods Manifest.lock";
			outputFileListPaths = (
			);
			outputPaths = (
				"$(DERIVED_FILE_DIR)/Pods-Notes-checkManifestLockResult.txt",
			);
			runOnlyForDeploymentPostprocessing = 0;
			shellPath = /bin/sh;
			shellScript = "diff \"${PODS_PODFILE_DIR_PATH}/Podfile.lock\" \"${PODS_ROOT}/Manifest.lock\" > /dev/null\nif [ $? != 0 ] ; then\n    # print error to STDERR\n    echo \"error: The sandbox is not in sync with the Podfile.lock. Run 'pod install' or update your CocoaPods installation.\" >&2\n    exit 1\nfi\n# This output is used by Xcode 'outputs' to avoid re-running this script phase.\necho \"SUCCESS\" > \"${SCRIPT_OUTPUT_FILE_0}\"\n";
			showEnvVarsInLog = 0;
		};
/* End PBXShellScriptBuildPhase section */

/* Begin PBXSourcesBuildPhase section */
		D9503B852296497500962828 /* Sources */ = {
			isa = PBXSourcesBuildPhase;
			buildActionMask = 2147483647;
			files = (
				D9503B8F2296497500962828 /* ViewController.swift in Sources */,
				D99C104922A12D3000402E10 /* EditState.swift in Sources */,
				D99C104B22A12D3C00402E10 /* AddState.swift in Sources */,
				D99C104722A12D2600402E10 /* ViewState.swift in Sources */,
				D9503B9F22965F9200962828 /* RealmService.swift in Sources */,
				D9503BA32296604400962828 /* DetailViewController.swift in Sources */,
				D9503BA52296609800962828 /* TableViewCell.swift in Sources */,
				D9503B8D2296497500962828 /* AppDelegate.swift in Sources */,
				D9503BA122965FEF00962828 /* Note.swift in Sources */,
			);
			runOnlyForDeploymentPostprocessing = 0;
		};
/* End PBXSourcesBuildPhase section */

/* Begin PBXVariantGroup section */
		D9503B902296497500962828 /* Main.storyboard */ = {
			isa = PBXVariantGroup;
			children = (
				D9503B912296497500962828 /* Base */,
			);
			name = Main.storyboard;
			sourceTree = "<group>";
		};
		D9503B952296497600962828 /* LaunchScreen.storyboard */ = {
			isa = PBXVariantGroup;
			children = (
				D9503B962296497600962828 /* Base */,
			);
			name = LaunchScreen.storyboard;
			sourceTree = "<group>";
		};
/* End PBXVariantGroup section */

/* Begin XCBuildConfiguration section */
		D9503B992296497600962828 /* Debug */ = {
			isa = XCBuildConfiguration;
			buildSettings = {
				ALWAYS_SEARCH_USER_PATHS = NO;
				CLANG_ANALYZER_NONNULL = YES;
				CLANG_ANALYZER_NUMBER_OBJECT_CONVERSION = YES_AGGRESSIVE;
				CLANG_CXX_LANGUAGE_STANDARD = "gnu++14";
				CLANG_CXX_LIBRARY = "libc++";
				CLANG_ENABLE_MODULES = YES;
				CLANG_ENABLE_OBJC_ARC = YES;
				CLANG_ENABLE_OBJC_WEAK = YES;
				CLANG_WARN_BLOCK_CAPTURE_AUTORELEASING = YES;
				CLANG_WARN_BOOL_CONVERSION = YES;
				CLANG_WARN_COMMA = YES;
				CLANG_WARN_CONSTANT_CONVERSION = YES;
				CLANG_WARN_DEPRECATED_OBJC_IMPLEMENTATIONS = YES;
				CLANG_WARN_DIRECT_OBJC_ISA_USAGE = YES_ERROR;
				CLANG_WARN_DOCUMENTATION_COMMENTS = YES;
				CLANG_WARN_EMPTY_BODY = YES;
				CLANG_WARN_ENUM_CONVERSION = YES;
				CLANG_WARN_INFINITE_RECURSION = YES;
				CLANG_WARN_INT_CONVERSION = YES;
				CLANG_WARN_NON_LITERAL_NULL_CONVERSION = YES;
				CLANG_WARN_OBJC_IMPLICIT_RETAIN_SELF = YES;
				CLANG_WARN_OBJC_LITERAL_CONVERSION = YES;
				CLANG_WARN_OBJC_ROOT_CLASS = YES_ERROR;
				CLANG_WARN_RANGE_LOOP_ANALYSIS = YES;
				CLANG_WARN_STRICT_PROTOTYPES = YES;
				CLANG_WARN_SUSPICIOUS_MOVE = YES;
				CLANG_WARN_UNGUARDED_AVAILABILITY = YES_AGGRESSIVE;
				CLANG_WARN_UNREACHABLE_CODE = YES;
				CLANG_WARN__DUPLICATE_METHOD_MATCH = YES;
				CODE_SIGN_IDENTITY = "iPhone Developer";
				COPY_PHASE_STRIP = NO;
				DEBUG_INFORMATION_FORMAT = dwarf;
				ENABLE_STRICT_OBJC_MSGSEND = YES;
				ENABLE_TESTABILITY = YES;
				GCC_C_LANGUAGE_STANDARD = gnu11;
				GCC_DYNAMIC_NO_PIC = NO;
				GCC_NO_COMMON_BLOCKS = YES;
				GCC_OPTIMIZATION_LEVEL = 0;
				GCC_PREPROCESSOR_DEFINITIONS = (
					"DEBUG=1",
					"$(inherited)",
				);
				GCC_WARN_64_TO_32_BIT_CONVERSION = YES;
				GCC_WARN_ABOUT_RETURN_TYPE = YES_ERROR;
				GCC_WARN_UNDECLARED_SELECTOR = YES;
				GCC_WARN_UNINITIALIZED_AUTOS = YES_AGGRESSIVE;
				GCC_WARN_UNUSED_FUNCTION = YES;
				GCC_WARN_UNUSED_VARIABLE = YES;
				IPHONEOS_DEPLOYMENT_TARGET = 12.2;
				MTL_ENABLE_DEBUG_INFO = INCLUDE_SOURCE;
				MTL_FAST_MATH = YES;
				ONLY_ACTIVE_ARCH = YES;
				SDKROOT = iphoneos;
				SWIFT_ACTIVE_COMPILATION_CONDITIONS = DEBUG;
				SWIFT_OPTIMIZATION_LEVEL = "-Onone";
			};
			name = Debug;
		};
		D9503B9A2296497600962828 /* Release */ = {
			isa = XCBuildConfiguration;
			buildSettings = {
				ALWAYS_SEARCH_USER_PATHS = NO;
				CLANG_ANALYZER_NONNULL = YES;
				CLANG_ANALYZER_NUMBER_OBJECT_CONVERSION = YES_AGGRESSIVE;
				CLANG_CXX_LANGUAGE_STANDARD = "gnu++14";
				CLANG_CXX_LIBRARY = "libc++";
				CLANG_ENABLE_MODULES = YES;
				CLANG_ENABLE_OBJC_ARC = YES;
				CLANG_ENABLE_OBJC_WEAK = YES;
				CLANG_WARN_BLOCK_CAPTURE_AUTORELEASING = YES;
				CLANG_WARN_BOOL_CONVERSION = YES;
				CLANG_WARN_COMMA = YES;
				CLANG_WARN_CONSTANT_CONVERSION = YES;
				CLANG_WARN_DEPRECATED_OBJC_IMPLEMENTATIONS = YES;
				CLANG_WARN_DIRECT_OBJC_ISA_USAGE = YES_ERROR;
				CLANG_WARN_DOCUMENTATION_COMMENTS = YES;
				CLANG_WARN_EMPTY_BODY = YES;
				CLANG_WARN_ENUM_CONVERSION = YES;
				CLANG_WARN_INFINITE_RECURSION = YES;
				CLANG_WARN_INT_CONVERSION = YES;
				CLANG_WARN_NON_LITERAL_NULL_CONVERSION = YES;
				CLANG_WARN_OBJC_IMPLICIT_RETAIN_SELF = YES;
				CLANG_WARN_OBJC_LITERAL_CONVERSION = YES;
				CLANG_WARN_OBJC_ROOT_CLASS = YES_ERROR;
				CLANG_WARN_RANGE_LOOP_ANALYSIS = YES;
				CLANG_WARN_STRICT_PROTOTYPES = YES;
				CLANG_WARN_SUSPICIOUS_MOVE = YES;
				CLANG_WARN_UNGUARDED_AVAILABILITY = YES_AGGRESSIVE;
				CLANG_WARN_UNREACHABLE_CODE = YES;
				CLANG_WARN__DUPLICATE_METHOD_MATCH = YES;
				CODE_SIGN_IDENTITY = "iPhone Developer";
				COPY_PHASE_STRIP = NO;
				DEBUG_INFORMATION_FORMAT = "dwarf-with-dsym";
				ENABLE_NS_ASSERTIONS = NO;
				ENABLE_STRICT_OBJC_MSGSEND = YES;
				GCC_C_LANGUAGE_STANDARD = gnu11;
				GCC_NO_COMMON_BLOCKS = YES;
				GCC_WARN_64_TO_32_BIT_CONVERSION = YES;
				GCC_WARN_ABOUT_RETURN_TYPE = YES_ERROR;
				GCC_WARN_UNDECLARED_SELECTOR = YES;
				GCC_WARN_UNINITIALIZED_AUTOS = YES_AGGRESSIVE;
				GCC_WARN_UNUSED_FUNCTION = YES;
				GCC_WARN_UNUSED_VARIABLE = YES;
				IPHONEOS_DEPLOYMENT_TARGET = 12.2;
				MTL_ENABLE_DEBUG_INFO = NO;
				MTL_FAST_MATH = YES;
				SDKROOT = iphoneos;
				SWIFT_COMPILATION_MODE = wholemodule;
				SWIFT_OPTIMIZATION_LEVEL = "-O";
				VALIDATE_PRODUCT = YES;
			};
			name = Release;
		};
		D9503B9C2296497600962828 /* Debug */ = {
			isa = XCBuildConfiguration;
			baseConfigurationReference = 47AA1E4D8E3D19457B1166B1 /* Pods-Notes.debug.xcconfig */;
			buildSettings = {
				ASSETCATALOG_COMPILER_APPICON_NAME = AppIcon;
				CODE_SIGN_STYLE = Automatic;
				DEVELOPMENT_TEAM = B4LAA475FW;
				INFOPLIST_FILE = Notes/Info.plist;
				LD_RUNPATH_SEARCH_PATHS = (
					"$(inherited)",
					"@executable_path/Frameworks",
				);
				PRODUCT_BUNDLE_IDENTIFIER = com.mycompany.Notes;
				PRODUCT_NAME = "$(TARGET_NAME)";
				SWIFT_VERSION = 5.0;
				TARGETED_DEVICE_FAMILY = "1,2";
			};
			name = Debug;
		};
		D9503B9D2296497600962828 /* Release */ = {
			isa = XCBuildConfiguration;
			baseConfigurationReference = 3265821E3D0FECA635BEF3A2 /* Pods-Notes.release.xcconfig */;
			buildSettings = {
				ASSETCATALOG_COMPILER_APPICON_NAME = AppIcon;
				CODE_SIGN_STYLE = Automatic;
				DEVELOPMENT_TEAM = B4LAA475FW;
				INFOPLIST_FILE = Notes/Info.plist;
				LD_RUNPATH_SEARCH_PATHS = (
					"$(inherited)",
					"@executable_path/Frameworks",
				);
				PRODUCT_BUNDLE_IDENTIFIER = com.mycompany.Notes;
				PRODUCT_NAME = "$(TARGET_NAME)";
				SWIFT_VERSION = 5.0;
				TARGETED_DEVICE_FAMILY = "1,2";
			};
			name = Release;
		};
/* End XCBuildConfiguration section */

/* Begin XCConfigurationList section */
		D9503B842296497500962828 /* Build configuration list for PBXProject "Notes" */ = {
			isa = XCConfigurationList;
			buildConfigurations = (
				D9503B992296497600962828 /* Debug */,
				D9503B9A2296497600962828 /* Release */,
			);
			defaultConfigurationIsVisible = 0;
			defaultConfigurationName = Release;
		};
		D9503B9B2296497600962828 /* Build configuration list for PBXNativeTarget "Notes" */ = {
			isa = XCConfigurationList;
			buildConfigurations = (
				D9503B9C2296497600962828 /* Debug */,
				D9503B9D2296497600962828 /* Release */,
			);
			defaultConfigurationIsVisible = 0;
			defaultConfigurationName = Release;
		};
/* End XCConfigurationList section */
	};
	rootObject = D9503B812296497500962828 /* Project object */;
}
